
Microsoft Visual Studio Solution File, Format Version 12.00
# Visual Studio Version 17
VisualStudioVersion = 17.9.34407.89
MinimumVisualStudioVersion = 10.0.40219.1
Project("{9A19103F-16F7-4668-BE54-9A1E7A4F7556}") = "Sg.Blux.SourceGenerator", "Blux.SourceGenerator\Sg.Blux.SourceGenerator.csproj", "{B86AE880-34E6-49CA-A562-D0B417C7352C}"
EndProject
Project("{9A19103F-16F7-4668-BE54-9A1E7A4F7556}") = "Sg.Blux", "Blux\Sg.Blux.csproj", "{B55B1EBC-DFDC-437F-99D1-158FA4A3CEF2}"
EndProject
Project("{9A19103F-16F7-4668-BE54-9A1E7A4F7556}") = "Sg.Blux.Sample", "Bux.Sample\Sg.Blux.Sample.csproj", "{7EFE44A5-2623-4E14-B37A-F975CAC6473F}"
EndProject
Global
	GlobalSection(SolutionConfigurationPlatforms) = preSolution
		Debug|Any CPU = Debug|Any CPU
		Release|Any CPU = Release|Any CPU
	EndGlobalSection
	GlobalSection(ProjectConfigurationPlatforms) = postSolution
		{B86AE880-34E6-49CA-A562-D0B417C7352C}.Debug|Any CPU.ActiveCfg = Debug|Any CPU
		{B86AE880-34E6-49CA-A562-D0B417C7352C}.Debug|Any CPU.Build.0 = Debug|Any CPU
		{B86AE880-34E6-49CA-A562-D0B417C7352C}.Release|Any CPU.ActiveCfg = Release|Any CPU
		{B86AE880-34E6-49CA-A562-D0B417C7352C}.Release|Any CPU.Build.0 = Release|Any CPU
		{B55B1EBC-DFDC-437F-99D1-158FA4A3CEF2}.Debug|Any CPU.ActiveCfg = Debug|Any CPU
		{B55B1EBC-DFDC-437F-99D1-158FA4A3CEF2}.Debug|Any CPU.Build.0 = Debug|Any CPU
		{B55B1EBC-DFDC-437F-99D1-158FA4A3CEF2}.Release|Any CPU.ActiveCfg = Release|Any CPU
		{B55B1EBC-DFDC-437F-99D1-158FA4A3CEF2}.Release|Any CPU.Build.0 = Release|Any CPU
		{7EFE44A5-2623-4E14-B37A-F975CAC6473F}.Debug|Any CPU.ActiveCfg = Debug|Any CPU
		{7EFE44A5-2623-4E14-B37A-F975CAC6473F}.Debug|Any CPU.Build.0 = Debug|Any CPU
		{7EFE44A5-2623-4E14-B37A-F975CAC6473F}.Release|Any CPU.ActiveCfg = Release|Any CPU
		{7EFE44A5-2623-4E14-B37A-F975CAC6473F}.Release|Any CPU.Build.0 = Release|Any CPU
	EndGlobalSection
	GlobalSection(SolutionProperties) = preSolution
		HideSolutionNode = FALSE
	EndGlobalSection
	GlobalSection(ExtensibilityGlobals) = postSolution
		SolutionGuid = {A444F8C3-4590-415E-9670-C30260F68EDF}
	EndGlobalSection
EndGlobal
