
Microsoft Visual Studio Solution File, Format Version 12.00
# Visual Studio Version 17
VisualStudioVersion = 17.9.34407.89
MinimumVisualStudioVersion = 10.0.40219.1
Project("{9A19103F-16F7-4668-BE54-9A1E7A4F7556}") = "Blux.SourceGenerator", "Blux.SourceGenerator\Blux.SourceGenerator.csproj", "{C80CB1BF-4527-49C3-B1C5-866ECD4E41B4}"
EndProject
Project("{9A19103F-16F7-4668-BE54-9A1E7A4F7556}") = "Blux", "Blux\Blux.csproj", "{2D540047-9DB7-4F5E-8BB3-52D79B0728E6}"
EndProject
Project("{9A19103F-16F7-4668-BE54-9A1E7A4F7556}") = "Blux.Sample", "Bux.Sample\Blux.Sample.csproj", "{1A31DF05-7200-4957-9854-385E38EBB5DB}"
EndProject
Global
	GlobalSection(SolutionConfigurationPlatforms) = preSolution
		Debug|Any CPU = Debug|Any CPU
		Release|Any CPU = Release|Any CPU
	EndGlobalSection
	GlobalSection(ProjectConfigurationPlatforms) = postSolution
		{C80CB1BF-4527-49C3-B1C5-866ECD4E41B4}.Debug|Any CPU.ActiveCfg = Debug|Any CPU
		{C80CB1BF-4527-49C3-B1C5-866ECD4E41B4}.Debug|Any CPU.Build.0 = Debug|Any CPU
		{C80CB1BF-4527-49C3-B1C5-866ECD4E41B4}.Release|Any CPU.ActiveCfg = Release|Any CPU
		{C80CB1BF-4527-49C3-B1C5-866ECD4E41B4}.Release|Any CPU.Build.0 = Release|Any CPU
		{2D540047-9DB7-4F5E-8BB3-52D79B0728E6}.Debug|Any CPU.ActiveCfg = Debug|Any CPU
		{2D540047-9DB7-4F5E-8BB3-52D79B0728E6}.Debug|Any CPU.Build.0 = Debug|Any CPU
		{2D540047-9DB7-4F5E-8BB3-52D79B0728E6}.Release|Any CPU.ActiveCfg = Release|Any CPU
		{2D540047-9DB7-4F5E-8BB3-52D79B0728E6}.Release|Any CPU.Build.0 = Release|Any CPU
		{1A31DF05-7200-4957-9854-385E38EBB5DB}.Debug|Any CPU.ActiveCfg = Debug|Any CPU
		{1A31DF05-7200-4957-9854-385E38EBB5DB}.Debug|Any CPU.Build.0 = Debug|Any CPU
		{1A31DF05-7200-4957-9854-385E38EBB5DB}.Release|Any CPU.ActiveCfg = Release|Any CPU
		{1A31DF05-7200-4957-9854-385E38EBB5DB}.Release|Any CPU.Build.0 = Release|Any CPU
	EndGlobalSection
	GlobalSection(SolutionProperties) = preSolution
		HideSolutionNode = FALSE
	EndGlobalSection
	GlobalSection(ExtensibilityGlobals) = postSolution
		SolutionGuid = {A444F8C3-4590-415E-9670-C30260F68EDF}
	EndGlobalSection
EndGlobal
